
Microsoft Visual Studio Solution File, Format Version 12.00
# Visual Studio Version 17
VisualStudioVersion = 17.6.33829.357
MinimumVisualStudioVersion = 10.0.40219.1
Project("{9A19103F-16F7-4668-BE54-9A1E7A4F7556}") = "BulkyWeb", "BulkyWeb\BulkyWeb.csproj", "{3A19EA56-FA7A-436F-98EB-FA16393B18ED}"
EndProject
Project("{9A19103F-16F7-4668-BE54-9A1E7A4F7556}") = "Bulky.DataAccess", "Bulky.DataAccess\Bulky.DataAccess.csproj", "{E20C7496-729A-4FC9-B8F5-95BEB3B16029}"
EndProject
Project("{9A19103F-16F7-4668-BE54-9A1E7A4F7556}") = "Bulky.Models", "Bulky.Models\Bulky.Models.csproj", "{62A4E5C5-8550-430A-A4D0-6AEB5E21BC18}"
EndProject
Project("{9A19103F-16F7-4668-BE54-9A1E7A4F7556}") = "Bulky.Utility", "Bulky.Utility\Bulky.Utility.csproj", "{096900DD-9B89-483D-BAD5-3191EC82EEA9}"
EndProject
Global
	GlobalSection(SolutionConfigurationPlatforms) = preSolution
		Debug|Any CPU = Debug|Any CPU
		Release|Any CPU = Release|Any CPU
	EndGlobalSection
	GlobalSection(ProjectConfigurationPlatforms) = postSolution
		{3A19EA56-FA7A-436F-98EB-FA16393B18ED}.Debug|Any CPU.ActiveCfg = Debug|Any CPU
		{3A19EA56-FA7A-436F-98EB-FA16393B18ED}.Debug|Any CPU.Build.0 = Debug|Any CPU
		{3A19EA56-FA7A-436F-98EB-FA16393B18ED}.Release|Any CPU.ActiveCfg = Release|Any CPU
		{3A19EA56-FA7A-436F-98EB-FA16393B18ED}.Release|Any CPU.Build.0 = Release|Any CPU
		{E20C7496-729A-4FC9-B8F5-95BEB3B16029}.Debug|Any CPU.ActiveCfg = Debug|Any CPU
		{E20C7496-729A-4FC9-B8F5-95BEB3B16029}.Debug|Any CPU.Build.0 = Debug|Any CPU
		{E20C7496-729A-4FC9-B8F5-95BEB3B16029}.Release|Any CPU.ActiveCfg = Release|Any CPU
		{E20C7496-729A-4FC9-B8F5-95BEB3B16029}.Release|Any CPU.Build.0 = Release|Any CPU
		{62A4E5C5-8550-430A-A4D0-6AEB5E21BC18}.Debug|Any CPU.ActiveCfg = Debug|Any CPU
		{62A4E5C5-8550-430A-A4D0-6AEB5E21BC18}.Debug|Any CPU.Build.0 = Debug|Any CPU
		{62A4E5C5-8550-430A-A4D0-6AEB5E21BC18}.Release|Any CPU.ActiveCfg = Release|Any CPU
		{62A4E5C5-8550-430A-A4D0-6AEB5E21BC18}.Release|Any CPU.Build.0 = Release|Any CPU
		{096900DD-9B89-483D-BAD5-3191EC82EEA9}.Debug|Any CPU.ActiveCfg = Debug|Any CPU
		{096900DD-9B89-483D-BAD5-3191EC82EEA9}.Debug|Any CPU.Build.0 = Debug|Any CPU
		{096900DD-9B89-483D-BAD5-3191EC82EEA9}.Release|Any CPU.ActiveCfg = Release|Any CPU
		{096900DD-9B89-483D-BAD5-3191EC82EEA9}.Release|Any CPU.Build.0 = Release|Any CPU
	EndGlobalSection
	GlobalSection(SolutionProperties) = preSolution
		HideSolutionNode = FALSE
	EndGlobalSection
	GlobalSection(ExtensibilityGlobals) = postSolution
		SolutionGuid = {676D272B-DC15-4D41-B5C6-63258C528371}
	EndGlobalSection
EndGlobal
